
Microsoft Visual Studio Solution File, Format Version 12.00
# Visual Studio Version 17
VisualStudioVersion = 17.1.32210.238
MinimumVisualStudioVersion = 10.0.40219.1
Project("{FAE04EC0-301F-11D3-BF4B-00C04F79EFBC}") = "project", "project\project.csproj", "{191E8B40-DE7C-457D-AAC8-ED631585FCC6}"
EndProject
Global
	GlobalSection(SolutionConfigurationPlatforms) = preSolution
		Debug|Any CPU = Debug|Any CPU
		Release|Any CPU = Release|Any CPU
	EndGlobalSection
	GlobalSection(ProjectConfigurationPlatforms) = postSolution
		{191E8B40-DE7C-457D-AAC8-ED631585FCC6}.Debug|Any CPU.ActiveCfg = Debug|Any CPU
		{191E8B40-DE7C-457D-AAC8-ED631585FCC6}.Debug|Any CPU.Build.0 = Debug|Any CPU
		{191E8B40-DE7C-457D-AAC8-ED631585FCC6}.Release|Any CPU.ActiveCfg = Release|Any CPU
		{191E8B40-DE7C-457D-AAC8-ED631585FCC6}.Release|Any CPU.Build.0 = Release|Any CPU
	EndGlobalSection
	GlobalSection(SolutionProperties) = preSolution
		HideSolutionNode = FALSE
	EndGlobalSection
	GlobalSection(ExtensibilityGlobals) = postSolution
		SolutionGuid = {F25CEEDC-825A-49F0-9126-D7C46D1556EA}
	EndGlobalSection
EndGlobal
